<?xml version="1.0" encoding="utf-8"?>
<Project ToolsVersion="16.0" xmlns="http://schemas.microsoft.com/developer/msbuild/2003">
  <ItemGroup>
    <CustomBuild Include="C:\Users\pppoo\Desktop\Github projects\MazeVisibility\CMakeFiles\22e43696776559e12a488169a5313cbd\generate.stamp.rule">
      <Filter>CMake Rules</Filter>
    </CustomBuild>
  </ItemGroup>
  <ItemGroup>
    <Filter Include="CMake Rules">
      <UniqueIdentifier>{897E3BAA-572C-3ABA-981E-0750578851CF}</UniqueIdentifier>
    </Filter>
  </ItemGroup>
</Project>
